// !$*UTF8*$!
{
	archiveVersion = 1;
	classes = {
	};
	objectVersion = 50;
	objects = {

/* Begin PBXBuildFile section */
		348D080D22621BCF00CB3FE6 /* AppDelegate.swift in Sources */ = {isa = PBXBuildFile; fileRef = 348D080C22621BCF00CB3FE6 /* AppDelegate.swift */; };
		348D080F22621BCF00CB3FE6 /* ViewController.swift in Sources */ = {isa = PBXBuildFile; fileRef = 348D080E22621BCF00CB3FE6 /* ViewController.swift */; };
		348D081222621BCF00CB3FE6 /* Main.storyboard in Resources */ = {isa = PBXBuildFile; fileRef = 348D081022621BCF00CB3FE6 /* Main.storyboard */; };
		348D081522621BCF00CB3FE6 /* Bull_s_Eye.xcdatamodeld in Sources */ = {isa = PBXBuildFile; fileRef = 348D081322621BCF00CB3FE6 /* Bull_s_Eye.xcdatamodeld */; };
		348D081722621BD100CB3FE6 /* Assets.xcassets in Resources */ = {isa = PBXBuildFile; fileRef = 348D081622621BD100CB3FE6 /* Assets.xcassets */; };
		348D081A22621BD100CB3FE6 /* LaunchScreen.storyboard in Resources */ = {isa = PBXBuildFile; fileRef = 348D081822621BD100CB3FE6 /* LaunchScreen.storyboard */; };
		34AA712F2263A74600DE9685 /* AboutViewController.swift in Sources */ = {isa = PBXBuildFile; fileRef = 34AA712E2263A74600DE9685 /* AboutViewController.swift */; };
		34D317C62279500A007FF0B4 /* AboutAuthViewController.swift in Sources */ = {isa = PBXBuildFile; fileRef = 34D317C52279500A007FF0B4 /* AboutAuthViewController.swift */; };
		34D317CC22795266007FF0B4 /* Image3.JPG in Resources */ = {isa = PBXBuildFile; fileRef = 34D317CB22795266007FF0B4 /* Image3.JPG */; };
		34D317CE22798DBB007FF0B4 /* WebViewController.swift in Sources */ = {isa = PBXBuildFile; fileRef = 34D317CD22798DBB007FF0B4 /* WebViewController.swift */; };
		34D317D022798F6C007FF0B4 /* BullsEye.html in Resources */ = {isa = PBXBuildFile; fileRef = 34D317CF22798F6C007FF0B4 /* BullsEye.html */; };
/* End PBXBuildFile section */

/* Begin PBXFileReference section */
		348D080922621BCF00CB3FE6 /* Bull's Eye.app */ = {isa = PBXFileReference; explicitFileType = wrapper.application; includeInIndex = 0; path = "Bull's Eye.app"; sourceTree = BUILT_PRODUCTS_DIR; };
		348D080C22621BCF00CB3FE6 /* AppDelegate.swift */ = {isa = PBXFileReference; lastKnownFileType = sourcecode.swift; path = AppDelegate.swift; sourceTree = "<group>"; };
		348D080E22621BCF00CB3FE6 /* ViewController.swift */ = {isa = PBXFileReference; lastKnownFileType = sourcecode.swift; path = ViewController.swift; sourceTree = "<group>"; };
		348D081122621BCF00CB3FE6 /* Base */ = {isa = PBXFileReference; lastKnownFileType = file.storyboard; name = Base; path = Base.lproj/Main.storyboard; sourceTree = "<group>"; };
		348D081422621BCF00CB3FE6 /* Bull_s_Eye.xcdatamodel */ = {isa = PBXFileReference; lastKnownFileType = wrapper.xcdatamodel; path = Bull_s_Eye.xcdatamodel; sourceTree = "<group>"; };
		348D081622621BD100CB3FE6 /* Assets.xcassets */ = {isa = PBXFileReference; lastKnownFileType = folder.assetcatalog; path = Assets.xcassets; sourceTree = "<group>"; };
		348D081922621BD100CB3FE6 /* Base */ = {isa = PBXFileReference; lastKnownFileType = file.storyboard; name = Base; path = Base.lproj/LaunchScreen.storyboard; sourceTree = "<group>"; };
		348D081B22621BD100CB3FE6 /* Info.plist */ = {isa = PBXFileReference; lastKnownFileType = text.plist.xml; path = Info.plist; sourceTree = "<group>"; };
		34AA712E2263A74600DE9685 /* AboutViewController.swift */ = {isa = PBXFileReference; lastKnownFileType = sourcecode.swift; path = AboutViewController.swift; sourceTree = "<group>"; };
		34D317C52279500A007FF0B4 /* AboutAuthViewController.swift */ = {isa = PBXFileReference; lastKnownFileType = sourcecode.swift; path = AboutAuthViewController.swift; sourceTree = "<group>"; };
		34D317CB22795266007FF0B4 /* Image3.JPG */ = {isa = PBXFileReference; lastKnownFileType = image.jpeg; path = Image3.JPG; sourceTree = "<group>"; };
		34D317CD22798DBB007FF0B4 /* WebViewController.swift */ = {isa = PBXFileReference; lastKnownFileType = sourcecode.swift; path = WebViewController.swift; sourceTree = "<group>"; };
		34D317CF22798F6C007FF0B4 /* BullsEye.html */ = {isa = PBXFileReference; fileEncoding = 4; lastKnownFileType = text.html; path = BullsEye.html; sourceTree = "<group>"; };
/* End PBXFileReference section */

/* Begin PBXFrameworksBuildPhase section */
		348D080622621BCF00CB3FE6 /* Frameworks */ = {
			isa = PBXFrameworksBuildPhase;
			buildActionMask = 2147483647;
			files = (
			);
			runOnlyForDeploymentPostprocessing = 0;
		};
/* End PBXFrameworksBuildPhase section */

/* Begin PBXGroup section */
		348D080022621BCF00CB3FE6 = {
			isa = PBXGroup;
			children = (
				348D080B22621BCF00CB3FE6 /* Bull's Eye */,
				348D080A22621BCF00CB3FE6 /* Products */,
			);
			sourceTree = "<group>";
		};
		348D080A22621BCF00CB3FE6 /* Products */ = {
			isa = PBXGroup;
			children = (
				348D080922621BCF00CB3FE6 /* Bull's Eye.app */,
			);
			name = Products;
			sourceTree = "<group>";
		};
		348D080B22621BCF00CB3FE6 /* Bull's Eye */ = {
			isa = PBXGroup;
			children = (
				348D080E22621BCF00CB3FE6 /* ViewController.swift */,
				34AA712E2263A74600DE9685 /* AboutViewController.swift */,
				348D081022621BCF00CB3FE6 /* Main.storyboard */,
				34D317CD22798DBB007FF0B4 /* WebViewController.swift */,
				34D317C52279500A007FF0B4 /* AboutAuthViewController.swift */,
				34D317CF22798F6C007FF0B4 /* BullsEye.html */,
				348D082122621BE500CB3FE6 /* Supporting Files */,
				348D081B22621BD100CB3FE6 /* Info.plist */,
				348D081322621BCF00CB3FE6 /* Bull_s_Eye.xcdatamodeld */,
			);
			path = "Bull's Eye";
			sourceTree = "<group>";
		};
		348D082122621BE500CB3FE6 /* Supporting Files */ = {
			isa = PBXGroup;
			children = (
				348D080C22621BCF00CB3FE6 /* AppDelegate.swift */,
				348D081622621BD100CB3FE6 /* Assets.xcassets */,
				34D317CB22795266007FF0B4 /* Image3.JPG */,
				348D081822621BD100CB3FE6 /* LaunchScreen.storyboard */,
			);
			path = "Supporting Files";
			sourceTree = "<group>";
		};
/* End PBXGroup section */

/* Begin PBXNativeTarget section */
		348D080822621BCF00CB3FE6 /* Bull's Eye */ = {
			isa = PBXNativeTarget;
			buildConfigurationList = 348D081E22621BD100CB3FE6 /* Build configuration list for PBXNativeTarget "Bull's Eye" */;
			buildPhases = (
				348D080522621BCF00CB3FE6 /* Sources */,
				348D080622621BCF00CB3FE6 /* Frameworks */,
				348D080722621BCF00CB3FE6 /* Resources */,
			);
			buildRules = (
			);
			dependencies = (
			);
			name = "Bull's Eye";
			productName = "Bull's Eye";
			productReference = 348D080922621BCF00CB3FE6 /* Bull's Eye.app */;
			productType = "com.apple.product-type.application";
		};
/* End PBXNativeTarget section */

/* Begin PBXProject section */
		348D080122621BCF00CB3FE6 /* Project object */ = {
			isa = PBXProject;
			attributes = {
				LastSwiftUpdateCheck = 1020;
				LastUpgradeCheck = 1020;
				ORGANIZATIONNAME = Sabbir;
				TargetAttributes = {
					348D080822621BCF00CB3FE6 = {
						CreatedOnToolsVersion = 10.2;
					};
				};
			};
			buildConfigurationList = 348D080422621BCF00CB3FE6 /* Build configuration list for PBXProject "Bull's Eye" */;
			compatibilityVersion = "Xcode 9.3";
			developmentRegion = en;
			hasScannedForEncodings = 0;
			knownRegions = (
				en,
				Base,
			);
			mainGroup = 348D080022621BCF00CB3FE6;
			productRefGroup = 348D080A22621BCF00CB3FE6 /* Products */;
			projectDirPath = "";
			projectRoot = "";
			targets = (
				348D080822621BCF00CB3FE6 /* Bull's Eye */,
			);
		};
/* End PBXProject section */

/* Begin PBXResourcesBuildPhase section */
		348D080722621BCF00CB3FE6 /* Resources */ = {
			isa = PBXResourcesBuildPhase;
			buildActionMask = 2147483647;
			files = (
				348D081A22621BD100CB3FE6 /* LaunchScreen.storyboard in Resources */,
				348D081722621BD100CB3FE6 /* Assets.xcassets in Resources */,
				34D317CC22795266007FF0B4 /* Image3.JPG in Resources */,
				348D081222621BCF00CB3FE6 /* Main.storyboard in Resources */,
				34D317D022798F6C007FF0B4 /* BullsEye.html in Resources */,
			);
			runOnlyForDeploymentPostprocessing = 0;
		};
/* End PBXResourcesBuildPhase section */

/* Begin PBXSourcesBuildPhase section */
		348D080522621BCF00CB3FE6 /* Sources */ = {
			isa = PBXSourcesBuildPhase;
			buildActionMask = 2147483647;
			files = (
				348D080F22621BCF00CB3FE6 /* ViewController.swift in Sources */,
				34D317CE22798DBB007FF0B4 /* WebViewController.swift in Sources */,
				348D081522621BCF00CB3FE6 /* Bull_s_Eye.xcdatamodeld in Sources */,
				34AA712F2263A74600DE9685 /* AboutViewController.swift in Sources */,
				34D317C62279500A007FF0B4 /* AboutAuthViewController.swift in Sources */,
				348D080D22621BCF00CB3FE6 /* AppDelegate.swift in Sources */,
			);
			runOnlyForDeploymentPostprocessing = 0;
		};
/* End PBXSourcesBuildPhase section */

/* Begin PBXVariantGroup section */
		348D081022621BCF00CB3FE6 /* Main.storyboard */ = {
			isa = PBXVariantGroup;
			children = (
				348D081122621BCF00CB3FE6 /* Base */,
			);
			name = Main.storyboard;
			sourceTree = "<group>";
		};
		348D081822621BD100CB3FE6 /* LaunchScreen.storyboard */ = {
			isa = PBXVariantGroup;
			children = (
				348D081922621BD100CB3FE6 /* Base */,
			);
			name = LaunchScreen.storyboard;
			sourceTree = "<group>";
		};
/* End PBXVariantGroup section */

/* Begin XCBuildConfiguration section */
		348D081C22621BD100CB3FE6 /* Debug */ = {
			isa = XCBuildConfiguration;
			buildSettings = {
				ALWAYS_SEARCH_USER_PATHS = NO;
				CLANG_ANALYZER_NONNULL = YES;
				CLANG_ANALYZER_NUMBER_OBJECT_CONVERSION = YES_AGGRESSIVE;
				CLANG_CXX_LANGUAGE_STANDARD = "gnu++14";
				CLANG_CXX_LIBRARY = "libc++";
				CLANG_ENABLE_MODULES = YES;
				CLANG_ENABLE_OBJC_ARC = YES;
				CLANG_ENABLE_OBJC_WEAK = YES;
				CLANG_WARN_BLOCK_CAPTURE_AUTORELEASING = YES;
				CLANG_WARN_BOOL_CONVERSION = YES;
				CLANG_WARN_COMMA = YES;
				CLANG_WARN_CONSTANT_CONVERSION = YES;
				CLANG_WARN_DEPRECATED_OBJC_IMPLEMENTATIONS = YES;
				CLANG_WARN_DIRECT_OBJC_ISA_USAGE = YES_ERROR;
				CLANG_WARN_DOCUMENTATION_COMMENTS = YES;
				CLANG_WARN_EMPTY_BODY = YES;
				CLANG_WARN_ENUM_CONVERSION = YES;
				CLANG_WARN_INFINITE_RECURSION = YES;
				CLANG_WARN_INT_CONVERSION = YES;
				CLANG_WARN_NON_LITERAL_NULL_CONVERSION = YES;
				CLANG_WARN_OBJC_IMPLICIT_RETAIN_SELF = YES;
				CLANG_WARN_OBJC_LITERAL_CONVERSION = YES;
				CLANG_WARN_OBJC_ROOT_CLASS = YES_ERROR;
				CLANG_WARN_RANGE_LOOP_ANALYSIS = YES;
				CLANG_WARN_STRICT_PROTOTYPES = YES;
				CLANG_WARN_SUSPICIOUS_MOVE = YES;
				CLANG_WARN_UNGUARDED_AVAILABILITY = YES_AGGRESSIVE;
				CLANG_WARN_UNREACHABLE_CODE = YES;
				CLANG_WARN__DUPLICATE_METHOD_MATCH = YES;
				CODE_SIGN_IDENTITY = "iPhone Developer";
				COPY_PHASE_STRIP = NO;
				DEBUG_INFORMATION_FORMAT = dwarf;
				ENABLE_STRICT_OBJC_MSGSEND = YES;
				ENABLE_TESTABILITY = YES;
				GCC_C_LANGUAGE_STANDARD = gnu11;
				GCC_DYNAMIC_NO_PIC = NO;
				GCC_NO_COMMON_BLOCKS = YES;
				GCC_OPTIMIZATION_LEVEL = 0;
				GCC_PREPROCESSOR_DEFINITIONS = (
					"DEBUG=1",
					"$(inherited)",
				);
				GCC_WARN_64_TO_32_BIT_CONVERSION = YES;
				GCC_WARN_ABOUT_RETURN_TYPE = YES_ERROR;
				GCC_WARN_UNDECLARED_SELECTOR = YES;
				GCC_WARN_UNINITIALIZED_AUTOS = YES_AGGRESSIVE;
				GCC_WARN_UNUSED_FUNCTION = YES;
				GCC_WARN_UNUSED_VARIABLE = YES;
				IPHONEOS_DEPLOYMENT_TARGET = 12.2;
				MTL_ENABLE_DEBUG_INFO = INCLUDE_SOURCE;
				MTL_FAST_MATH = YES;
				ONLY_ACTIVE_ARCH = YES;
				SDKROOT = iphoneos;
				SWIFT_ACTIVE_COMPILATION_CONDITIONS = DEBUG;
				SWIFT_OPTIMIZATION_LEVEL = "-Onone";
			};
			name = Debug;
		};
		348D081D22621BD100CB3FE6 /* Release */ = {
			isa = XCBuildConfiguration;
			buildSettings = {
				ALWAYS_SEARCH_USER_PATHS = NO;
				CLANG_ANALYZER_NONNULL = YES;
				CLANG_ANALYZER_NUMBER_OBJECT_CONVERSION = YES_AGGRESSIVE;
				CLANG_CXX_LANGUAGE_STANDARD = "gnu++14";
				CLANG_CXX_LIBRARY = "libc++";
				CLANG_ENABLE_MODULES = YES;
				CLANG_ENABLE_OBJC_ARC = YES;
				CLANG_ENABLE_OBJC_WEAK = YES;
				CLANG_WARN_BLOCK_CAPTURE_AUTORELEASING = YES;
				CLANG_WARN_BOOL_CONVERSION = YES;
				CLANG_WARN_COMMA = YES;
				CLANG_WARN_CONSTANT_CONVERSION = YES;
				CLANG_WARN_DEPRECATED_OBJC_IMPLEMENTATIONS = YES;
				CLANG_WARN_DIRECT_OBJC_ISA_USAGE = YES_ERROR;
				CLANG_WARN_DOCUMENTATION_COMMENTS = YES;
				CLANG_WARN_EMPTY_BODY = YES;
				CLANG_WARN_ENUM_CONVERSION = YES;
				CLANG_WARN_INFINITE_RECURSION = YES;
				CLANG_WARN_INT_CONVERSION = YES;
				CLANG_WARN_NON_LITERAL_NULL_CONVERSION = YES;
				CLANG_WARN_OBJC_IMPLICIT_RETAIN_SELF = YES;
				CLANG_WARN_OBJC_LITERAL_CONVERSION = YES;
				CLANG_WARN_OBJC_ROOT_CLASS = YES_ERROR;
				CLANG_WARN_RANGE_LOOP_ANALYSIS = YES;
				CLANG_WARN_STRICT_PROTOTYPES = YES;
				CLANG_WARN_SUSPICIOUS_MOVE = YES;
				CLANG_WARN_UNGUARDED_AVAILABILITY = YES_AGGRESSIVE;
				CLANG_WARN_UNREACHABLE_CODE = YES;
				CLANG_WARN__DUPLICATE_METHOD_MATCH = YES;
				CODE_SIGN_IDENTITY = "iPhone Developer";
				COPY_PHASE_STRIP = NO;
				DEBUG_INFORMATION_FORMAT = "dwarf-with-dsym";
				ENABLE_NS_ASSERTIONS = NO;
				ENABLE_STRICT_OBJC_MSGSEND = YES;
				GCC_C_LANGUAGE_STANDARD = gnu11;
				GCC_NO_COMMON_BLOCKS = YES;
				GCC_WARN_64_TO_32_BIT_CONVERSION = YES;
				GCC_WARN_ABOUT_RETURN_TYPE = YES_ERROR;
				GCC_WARN_UNDECLARED_SELECTOR = YES;
				GCC_WARN_UNINITIALIZED_AUTOS = YES_AGGRESSIVE;
				GCC_WARN_UNUSED_FUNCTION = YES;
				GCC_WARN_UNUSED_VARIABLE = YES;
				IPHONEOS_DEPLOYMENT_TARGET = 12.2;
				MTL_ENABLE_DEBUG_INFO = NO;
				MTL_FAST_MATH = YES;
				SDKROOT = iphoneos;
				SWIFT_COMPILATION_MODE = wholemodule;
				SWIFT_OPTIMIZATION_LEVEL = "-O";
				VALIDATE_PRODUCT = YES;
			};
			name = Release;
		};
		348D081F22621BD100CB3FE6 /* Debug */ = {
			isa = XCBuildConfiguration;
			buildSettings = {
				ASSETCATALOG_COMPILER_APPICON_NAME = AppIcon;
				CODE_SIGN_STYLE = Automatic;
				DEVELOPMENT_TEAM = 5Y63MKKG9M;
				INFOPLIST_FILE = "Bull's Eye/Info.plist";
				LD_RUNPATH_SEARCH_PATHS = (
					"$(inherited)",
					"@executable_path/Frameworks",
				);
				PRODUCT_BUNDLE_IDENTIFIER = "com.campusinfobd.Bull-s-Eye";
				PRODUCT_NAME = "$(TARGET_NAME)";
				SWIFT_VERSION = 5.0;
				TARGETED_DEVICE_FAMILY = "1,2";
			};
			name = Debug;
		};
		348D082022621BD100CB3FE6 /* Release */ = {
			isa = XCBuildConfiguration;
			buildSettings = {
				ASSETCATALOG_COMPILER_APPICON_NAME = AppIcon;
				CODE_SIGN_STYLE = Automatic;
				DEVELOPMENT_TEAM = 5Y63MKKG9M;
				INFOPLIST_FILE = "Bull's Eye/Info.plist";
				LD_RUNPATH_SEARCH_PATHS = (
					"$(inherited)",
					"@executable_path/Frameworks",
				);
				PRODUCT_BUNDLE_IDENTIFIER = "com.campusinfobd.Bull-s-Eye";
				PRODUCT_NAME = "$(TARGET_NAME)";
				SWIFT_VERSION = 5.0;
				TARGETED_DEVICE_FAMILY = "1,2";
			};
			name = Release;
		};
/* End XCBuildConfiguration section */

/* Begin XCConfigurationList section */
		348D080422621BCF00CB3FE6 /* Build configuration list for PBXProject "Bull's Eye" */ = {
			isa = XCConfigurationList;
			buildConfigurations = (
				348D081C22621BD100CB3FE6 /* Debug */,
				348D081D22621BD100CB3FE6 /* Release */,
			);
			defaultConfigurationIsVisible = 0;
			defaultConfigurationName = Release;
		};
		348D081E22621BD100CB3FE6 /* Build configuration list for PBXNativeTarget "Bull's Eye" */ = {
			isa = XCConfigurationList;
			buildConfigurations = (
				348D081F22621BD100CB3FE6 /* Debug */,
				348D082022621BD100CB3FE6 /* Release */,
			);
			defaultConfigurationIsVisible = 0;
			defaultConfigurationName = Release;
		};
/* End XCConfigurationList section */

/* Begin XCVersionGroup section */
		348D081322621BCF00CB3FE6 /* Bull_s_Eye.xcdatamodeld */ = {
			isa = XCVersionGroup;
			children = (
				348D081422621BCF00CB3FE6 /* Bull_s_Eye.xcdatamodel */,
			);
			currentVersion = 348D081422621BCF00CB3FE6 /* Bull_s_Eye.xcdatamodel */;
			path = Bull_s_Eye.xcdatamodeld;
			sourceTree = "<group>";
			versionGroupType = wrapper.xcdatamodel;
		};
/* End XCVersionGroup section */
	};
	rootObject = 348D080122621BCF00CB3FE6 /* Project object */;
}
